
Microsoft Visual Studio Solution File, Format Version 12.00
# Visual Studio 15
VisualStudioVersion = 15.0.26430.16
MinimumVisualStudioVersion = 10.0.40219.1
Project("{FAE04EC0-301F-11D3-BF4B-00C04F79EFBC}") = "Qdp.Pricing.Library.Base", "Qdp.Pricing.Library.Base\Qdp.Pricing.Library.Base.csproj", "{4C3AC4EC-7BBA-40A2-8C26-BA759020EED6}"
EndProject
Project("{FAE04EC0-301F-11D3-BF4B-00C04F79EFBC}") = "UnitTest", "UnitTest\UnitTest.csproj", "{CD5D3077-41D0-4C2A-AA7A-47E2D21E5656}"
EndProject
Project("{FAE04EC0-301F-11D3-BF4B-00C04F79EFBC}") = "Qdp.Pricing.Library.FixedIncome", "Qdp.Pricing.Library.FixedIncome\Qdp.Pricing.Library.FixedIncome.csproj", "{D5C90ED8-6D38-4924-B6F7-8E3742D02E66}"
EndProject
Project("{FAE04EC0-301F-11D3-BF4B-00C04F79EFBC}") = "Qdp.Pricing.Library.Equity", "Qdp.Pricing.Library.Equity\Qdp.Pricing.Library.Equity.csproj", "{F17B5431-9905-44AE-955D-D6417A986613}"
EndProject
Project("{FAE04EC0-301F-11D3-BF4B-00C04F79EFBC}") = "Qdp.Pricing.Library.Commodity", "Qdp.Pricing.Library.Commodity\Qdp.Pricing.Library.Commodity.csproj", "{0304B878-D0A0-406A-BFD9-7860C03658A0}"
EndProject
Project("{FAE04EC0-301F-11D3-BF4B-00C04F79EFBC}") = "Qdp.Pricing.Library.Common", "Qdp.Pricing.Library.Common\Qdp.Pricing.Library.Common.csproj", "{FAA5F77F-1ABF-4144-8C70-A72632719BCB}"
EndProject
Project("{FAE04EC0-301F-11D3-BF4B-00C04F79EFBC}") = "Qdp.Pricing.Ecosystem", "Qdp.Pricing.Ecosystem\Qdp.Pricing.Ecosystem.csproj", "{E9E753F1-269E-423B-8849-539806C35FCC}"
EndProject
Project("{FAE04EC0-301F-11D3-BF4B-00C04F79EFBC}") = "Qdp.Pricing.Library.Exotic", "Qdp.Pricing.Library.Exotic\Qdp.Pricing.Library.Exotic.csproj", "{6AFE5A92-BB0C-4239-8A73-161E79CB8322}"
EndProject
Project("{FAE04EC0-301F-11D3-BF4B-00C04F79EFBC}") = "Qdp.ComputeService.Data.CommonModels", "Qdp.ComputeService.Data.CommonModels\Qdp.ComputeService.Data.CommonModels.csproj", "{0B71D997-9452-4D68-B3DC-E50D01115DE3}"
EndProject
Project("{FAE04EC0-301F-11D3-BF4B-00C04F79EFBC}") = "Qdp.Foundation", "Qdp.Foundation\Qdp.Foundation.csproj", "{30EC6E1B-63A1-4985-B9B2-071203940BD6}"
EndProject
Project("{FAE04EC0-301F-11D3-BF4B-00C04F79EFBC}") = "Qdp.Pricing.Base", "Qdp.Pricing.Base\Qdp.Pricing.Base.csproj", "{7281D9AD-8878-4B41-AF55-E4F42211D07F}"
EndProject
Global
	GlobalSection(SolutionConfigurationPlatforms) = preSolution
		Debug|Any CPU = Debug|Any CPU
		Debug|Mixed Platforms = Debug|Mixed Platforms
		Debug|Win32 = Debug|Win32
		MinSizeRel|Any CPU = MinSizeRel|Any CPU
		MinSizeRel|Mixed Platforms = MinSizeRel|Mixed Platforms
		MinSizeRel|Win32 = MinSizeRel|Win32
		Release|Any CPU = Release|Any CPU
		Release|Mixed Platforms = Release|Mixed Platforms
		Release|Win32 = Release|Win32
		RelWithDebInfo|Any CPU = RelWithDebInfo|Any CPU
		RelWithDebInfo|Mixed Platforms = RelWithDebInfo|Mixed Platforms
		RelWithDebInfo|Win32 = RelWithDebInfo|Win32
	EndGlobalSection
	GlobalSection(ProjectConfigurationPlatforms) = postSolution
		{4C3AC4EC-7BBA-40A2-8C26-BA759020EED6}.Debug|Any CPU.ActiveCfg = Debug|Any CPU
		{4C3AC4EC-7BBA-40A2-8C26-BA759020EED6}.Debug|Any CPU.Build.0 = Debug|Any CPU
		{4C3AC4EC-7BBA-40A2-8C26-BA759020EED6}.Debug|Mixed Platforms.ActiveCfg = Debug|Any CPU
		{4C3AC4EC-7BBA-40A2-8C26-BA759020EED6}.Debug|Mixed Platforms.Build.0 = Debug|Any CPU
		{4C3AC4EC-7BBA-40A2-8C26-BA759020EED6}.Debug|Win32.ActiveCfg = Debug|Any CPU
		{4C3AC4EC-7BBA-40A2-8C26-BA759020EED6}.MinSizeRel|Any CPU.ActiveCfg = Release|Any CPU
		{4C3AC4EC-7BBA-40A2-8C26-BA759020EED6}.MinSizeRel|Any CPU.Build.0 = Release|Any CPU
		{4C3AC4EC-7BBA-40A2-8C26-BA759020EED6}.MinSizeRel|Mixed Platforms.ActiveCfg = Release|Any CPU
		{4C3AC4EC-7BBA-40A2-8C26-BA759020EED6}.MinSizeRel|Mixed Platforms.Build.0 = Release|Any CPU
		{4C3AC4EC-7BBA-40A2-8C26-BA759020EED6}.MinSizeRel|Win32.ActiveCfg = Release|Any CPU
		{4C3AC4EC-7BBA-40A2-8C26-BA759020EED6}.Release|Any CPU.ActiveCfg = Release|Any CPU
		{4C3AC4EC-7BBA-40A2-8C26-BA759020EED6}.Release|Any CPU.Build.0 = Release|Any CPU
		{4C3AC4EC-7BBA-40A2-8C26-BA759020EED6}.Release|Mixed Platforms.ActiveCfg = Release|Any CPU
		{4C3AC4EC-7BBA-40A2-8C26-BA759020EED6}.Release|Mixed Platforms.Build.0 = Release|Any CPU
		{4C3AC4EC-7BBA-40A2-8C26-BA759020EED6}.Release|Win32.ActiveCfg = Release|Any CPU
		{4C3AC4EC-7BBA-40A2-8C26-BA759020EED6}.RelWithDebInfo|Any CPU.ActiveCfg = Release|Any CPU
		{4C3AC4EC-7BBA-40A2-8C26-BA759020EED6}.RelWithDebInfo|Any CPU.Build.0 = Release|Any CPU
		{4C3AC4EC-7BBA-40A2-8C26-BA759020EED6}.RelWithDebInfo|Mixed Platforms.ActiveCfg = Release|Any CPU
		{4C3AC4EC-7BBA-40A2-8C26-BA759020EED6}.RelWithDebInfo|Mixed Platforms.Build.0 = Release|Any CPU
		{4C3AC4EC-7BBA-40A2-8C26-BA759020EED6}.RelWithDebInfo|Win32.ActiveCfg = Release|Any CPU
		{CD5D3077-41D0-4C2A-AA7A-47E2D21E5656}.Debug|Any CPU.ActiveCfg = Debug|Any CPU
		{CD5D3077-41D0-4C2A-AA7A-47E2D21E5656}.Debug|Any CPU.Build.0 = Debug|Any CPU
		{CD5D3077-41D0-4C2A-AA7A-47E2D21E5656}.Debug|Mixed Platforms.ActiveCfg = Debug|Any CPU
		{CD5D3077-41D0-4C2A-AA7A-47E2D21E5656}.Debug|Mixed Platforms.Build.0 = Debug|Any CPU
		{CD5D3077-41D0-4C2A-AA7A-47E2D21E5656}.Debug|Win32.ActiveCfg = Debug|Any CPU
		{CD5D3077-41D0-4C2A-AA7A-47E2D21E5656}.MinSizeRel|Any CPU.ActiveCfg = Release|Any CPU
		{CD5D3077-41D0-4C2A-AA7A-47E2D21E5656}.MinSizeRel|Any CPU.Build.0 = Release|Any CPU
		{CD5D3077-41D0-4C2A-AA7A-47E2D21E5656}.MinSizeRel|Mixed Platforms.ActiveCfg = Release|Any CPU
		{CD5D3077-41D0-4C2A-AA7A-47E2D21E5656}.MinSizeRel|Mixed Platforms.Build.0 = Release|Any CPU
		{CD5D3077-41D0-4C2A-AA7A-47E2D21E5656}.MinSizeRel|Win32.ActiveCfg = Release|Any CPU
		{CD5D3077-41D0-4C2A-AA7A-47E2D21E5656}.Release|Any CPU.ActiveCfg = Release|Any CPU
		{CD5D3077-41D0-4C2A-AA7A-47E2D21E5656}.Release|Any CPU.Build.0 = Release|Any CPU
		{CD5D3077-41D0-4C2A-AA7A-47E2D21E5656}.Release|Mixed Platforms.ActiveCfg = Release|Any CPU
		{CD5D3077-41D0-4C2A-AA7A-47E2D21E5656}.Release|Mixed Platforms.Build.0 = Release|Any CPU
		{CD5D3077-41D0-4C2A-AA7A-47E2D21E5656}.Release|Win32.ActiveCfg = Release|Any CPU
		{CD5D3077-41D0-4C2A-AA7A-47E2D21E5656}.RelWithDebInfo|Any CPU.ActiveCfg = Release|Any CPU
		{CD5D3077-41D0-4C2A-AA7A-47E2D21E5656}.RelWithDebInfo|Any CPU.Build.0 = Release|Any CPU
		{CD5D3077-41D0-4C2A-AA7A-47E2D21E5656}.RelWithDebInfo|Mixed Platforms.ActiveCfg = Release|Any CPU
		{CD5D3077-41D0-4C2A-AA7A-47E2D21E5656}.RelWithDebInfo|Mixed Platforms.Build.0 = Release|Any CPU
		{CD5D3077-41D0-4C2A-AA7A-47E2D21E5656}.RelWithDebInfo|Win32.ActiveCfg = Release|Any CPU
		{D5C90ED8-6D38-4924-B6F7-8E3742D02E66}.Debug|Any CPU.ActiveCfg = Debug|Any CPU
		{D5C90ED8-6D38-4924-B6F7-8E3742D02E66}.Debug|Any CPU.Build.0 = Debug|Any CPU
		{D5C90ED8-6D38-4924-B6F7-8E3742D02E66}.Debug|Mixed Platforms.ActiveCfg = Debug|Any CPU
		{D5C90ED8-6D38-4924-B6F7-8E3742D02E66}.Debug|Mixed Platforms.Build.0 = Debug|Any CPU
		{D5C90ED8-6D38-4924-B6F7-8E3742D02E66}.Debug|Win32.ActiveCfg = Debug|Any CPU
		{D5C90ED8-6D38-4924-B6F7-8E3742D02E66}.MinSizeRel|Any CPU.ActiveCfg = Release|Any CPU
		{D5C90ED8-6D38-4924-B6F7-8E3742D02E66}.MinSizeRel|Any CPU.Build.0 = Release|Any CPU
		{D5C90ED8-6D38-4924-B6F7-8E3742D02E66}.MinSizeRel|Mixed Platforms.ActiveCfg = Release|Any CPU
		{D5C90ED8-6D38-4924-B6F7-8E3742D02E66}.MinSizeRel|Mixed Platforms.Build.0 = Release|Any CPU
		{D5C90ED8-6D38-4924-B6F7-8E3742D02E66}.MinSizeRel|Win32.ActiveCfg = Release|Any CPU
		{D5C90ED8-6D38-4924-B6F7-8E3742D02E66}.Release|Any CPU.ActiveCfg = Release|Any CPU
		{D5C90ED8-6D38-4924-B6F7-8E3742D02E66}.Release|Any CPU.Build.0 = Release|Any CPU
		{D5C90ED8-6D38-4924-B6F7-8E3742D02E66}.Release|Mixed Platforms.ActiveCfg = Release|Any CPU
		{D5C90ED8-6D38-4924-B6F7-8E3742D02E66}.Release|Mixed Platforms.Build.0 = Release|Any CPU
		{D5C90ED8-6D38-4924-B6F7-8E3742D02E66}.Release|Win32.ActiveCfg = Release|Any CPU
		{D5C90ED8-6D38-4924-B6F7-8E3742D02E66}.RelWithDebInfo|Any CPU.ActiveCfg = Release|Any CPU
		{D5C90ED8-6D38-4924-B6F7-8E3742D02E66}.RelWithDebInfo|Any CPU.Build.0 = Release|Any CPU
		{D5C90ED8-6D38-4924-B6F7-8E3742D02E66}.RelWithDebInfo|Mixed Platforms.ActiveCfg = Release|Any CPU
		{D5C90ED8-6D38-4924-B6F7-8E3742D02E66}.RelWithDebInfo|Mixed Platforms.Build.0 = Release|Any CPU
		{D5C90ED8-6D38-4924-B6F7-8E3742D02E66}.RelWithDebInfo|Win32.ActiveCfg = Release|Any CPU
		{F17B5431-9905-44AE-955D-D6417A986613}.Debug|Any CPU.ActiveCfg = Debug|Any CPU
		{F17B5431-9905-44AE-955D-D6417A986613}.Debug|Any CPU.Build.0 = Debug|Any CPU
		{F17B5431-9905-44AE-955D-D6417A986613}.Debug|Mixed Platforms.ActiveCfg = Debug|Any CPU
		{F17B5431-9905-44AE-955D-D6417A986613}.Debug|Mixed Platforms.Build.0 = Debug|Any CPU
		{F17B5431-9905-44AE-955D-D6417A986613}.Debug|Win32.ActiveCfg = Debug|Any CPU
		{F17B5431-9905-44AE-955D-D6417A986613}.MinSizeRel|Any CPU.ActiveCfg = Release|Any CPU
		{F17B5431-9905-44AE-955D-D6417A986613}.MinSizeRel|Any CPU.Build.0 = Release|Any CPU
		{F17B5431-9905-44AE-955D-D6417A986613}.MinSizeRel|Mixed Platforms.ActiveCfg = Release|Any CPU
		{F17B5431-9905-44AE-955D-D6417A986613}.MinSizeRel|Mixed Platforms.Build.0 = Release|Any CPU
		{F17B5431-9905-44AE-955D-D6417A986613}.MinSizeRel|Win32.ActiveCfg = Release|Any CPU
		{F17B5431-9905-44AE-955D-D6417A986613}.Release|Any CPU.ActiveCfg = Release|Any CPU
		{F17B5431-9905-44AE-955D-D6417A986613}.Release|Any CPU.Build.0 = Release|Any CPU
		{F17B5431-9905-44AE-955D-D6417A986613}.Release|Mixed Platforms.ActiveCfg = Release|Any CPU
		{F17B5431-9905-44AE-955D-D6417A986613}.Release|Mixed Platforms.Build.0 = Release|Any CPU
		{F17B5431-9905-44AE-955D-D6417A986613}.Release|Win32.ActiveCfg = Release|Any CPU
		{F17B5431-9905-44AE-955D-D6417A986613}.RelWithDebInfo|Any CPU.ActiveCfg = Release|Any CPU
		{F17B5431-9905-44AE-955D-D6417A986613}.RelWithDebInfo|Any CPU.Build.0 = Release|Any CPU
		{F17B5431-9905-44AE-955D-D6417A986613}.RelWithDebInfo|Mixed Platforms.ActiveCfg = Release|Any CPU
		{F17B5431-9905-44AE-955D-D6417A986613}.RelWithDebInfo|Mixed Platforms.Build.0 = Release|Any CPU
		{F17B5431-9905-44AE-955D-D6417A986613}.RelWithDebInfo|Win32.ActiveCfg = Release|Any CPU
		{0304B878-D0A0-406A-BFD9-7860C03658A0}.Debug|Any CPU.ActiveCfg = Debug|Any CPU
		{0304B878-D0A0-406A-BFD9-7860C03658A0}.Debug|Any CPU.Build.0 = Debug|Any CPU
		{0304B878-D0A0-406A-BFD9-7860C03658A0}.Debug|Mixed Platforms.ActiveCfg = Debug|Any CPU
		{0304B878-D0A0-406A-BFD9-7860C03658A0}.Debug|Mixed Platforms.Build.0 = Debug|Any CPU
		{0304B878-D0A0-406A-BFD9-7860C03658A0}.Debug|Win32.ActiveCfg = Debug|Any CPU
		{0304B878-D0A0-406A-BFD9-7860C03658A0}.MinSizeRel|Any CPU.ActiveCfg = Release|Any CPU
		{0304B878-D0A0-406A-BFD9-7860C03658A0}.MinSizeRel|Any CPU.Build.0 = Release|Any CPU
		{0304B878-D0A0-406A-BFD9-7860C03658A0}.MinSizeRel|Mixed Platforms.ActiveCfg = Release|Any CPU
		{0304B878-D0A0-406A-BFD9-7860C03658A0}.MinSizeRel|Mixed Platforms.Build.0 = Release|Any CPU
		{0304B878-D0A0-406A-BFD9-7860C03658A0}.MinSizeRel|Win32.ActiveCfg = Release|Any CPU
		{0304B878-D0A0-406A-BFD9-7860C03658A0}.Release|Any CPU.ActiveCfg = Release|Any CPU
		{0304B878-D0A0-406A-BFD9-7860C03658A0}.Release|Any CPU.Build.0 = Release|Any CPU
		{0304B878-D0A0-406A-BFD9-7860C03658A0}.Release|Mixed Platforms.ActiveCfg = Release|Any CPU
		{0304B878-D0A0-406A-BFD9-7860C03658A0}.Release|Mixed Platforms.Build.0 = Release|Any CPU
		{0304B878-D0A0-406A-BFD9-7860C03658A0}.Release|Win32.ActiveCfg = Release|Any CPU
		{0304B878-D0A0-406A-BFD9-7860C03658A0}.RelWithDebInfo|Any CPU.ActiveCfg = Release|Any CPU
		{0304B878-D0A0-406A-BFD9-7860C03658A0}.RelWithDebInfo|Any CPU.Build.0 = Release|Any CPU
		{0304B878-D0A0-406A-BFD9-7860C03658A0}.RelWithDebInfo|Mixed Platforms.ActiveCfg = Release|Any CPU
		{0304B878-D0A0-406A-BFD9-7860C03658A0}.RelWithDebInfo|Mixed Platforms.Build.0 = Release|Any CPU
		{0304B878-D0A0-406A-BFD9-7860C03658A0}.RelWithDebInfo|Win32.ActiveCfg = Release|Any CPU
		{FAA5F77F-1ABF-4144-8C70-A72632719BCB}.Debug|Any CPU.ActiveCfg = Debug|Any CPU
		{FAA5F77F-1ABF-4144-8C70-A72632719BCB}.Debug|Any CPU.Build.0 = Debug|Any CPU
		{FAA5F77F-1ABF-4144-8C70-A72632719BCB}.Debug|Mixed Platforms.ActiveCfg = Debug|Any CPU
		{FAA5F77F-1ABF-4144-8C70-A72632719BCB}.Debug|Mixed Platforms.Build.0 = Debug|Any CPU
		{FAA5F77F-1ABF-4144-8C70-A72632719BCB}.Debug|Win32.ActiveCfg = Debug|Any CPU
		{FAA5F77F-1ABF-4144-8C70-A72632719BCB}.MinSizeRel|Any CPU.ActiveCfg = Release|Any CPU
		{FAA5F77F-1ABF-4144-8C70-A72632719BCB}.MinSizeRel|Any CPU.Build.0 = Release|Any CPU
		{FAA5F77F-1ABF-4144-8C70-A72632719BCB}.MinSizeRel|Mixed Platforms.ActiveCfg = Release|Any CPU
		{FAA5F77F-1ABF-4144-8C70-A72632719BCB}.MinSizeRel|Mixed Platforms.Build.0 = Release|Any CPU
		{FAA5F77F-1ABF-4144-8C70-A72632719BCB}.MinSizeRel|Win32.ActiveCfg = Release|Any CPU
		{FAA5F77F-1ABF-4144-8C70-A72632719BCB}.Release|Any CPU.ActiveCfg = Release|Any CPU
		{FAA5F77F-1ABF-4144-8C70-A72632719BCB}.Release|Any CPU.Build.0 = Release|Any CPU
		{FAA5F77F-1ABF-4144-8C70-A72632719BCB}.Release|Mixed Platforms.ActiveCfg = Release|Any CPU
		{FAA5F77F-1ABF-4144-8C70-A72632719BCB}.Release|Mixed Platforms.Build.0 = Release|Any CPU
		{FAA5F77F-1ABF-4144-8C70-A72632719BCB}.Release|Win32.ActiveCfg = Release|Any CPU
		{FAA5F77F-1ABF-4144-8C70-A72632719BCB}.RelWithDebInfo|Any CPU.ActiveCfg = Release|Any CPU
		{FAA5F77F-1ABF-4144-8C70-A72632719BCB}.RelWithDebInfo|Any CPU.Build.0 = Release|Any CPU
		{FAA5F77F-1ABF-4144-8C70-A72632719BCB}.RelWithDebInfo|Mixed Platforms.ActiveCfg = Release|Any CPU
		{FAA5F77F-1ABF-4144-8C70-A72632719BCB}.RelWithDebInfo|Mixed Platforms.Build.0 = Release|Any CPU
		{FAA5F77F-1ABF-4144-8C70-A72632719BCB}.RelWithDebInfo|Win32.ActiveCfg = Release|Any CPU
		{E9E753F1-269E-423B-8849-539806C35FCC}.Debug|Any CPU.ActiveCfg = Debug|Any CPU
		{E9E753F1-269E-423B-8849-539806C35FCC}.Debug|Any CPU.Build.0 = Debug|Any CPU
		{E9E753F1-269E-423B-8849-539806C35FCC}.Debug|Mixed Platforms.ActiveCfg = Debug|Any CPU
		{E9E753F1-269E-423B-8849-539806C35FCC}.Debug|Mixed Platforms.Build.0 = Debug|Any CPU
		{E9E753F1-269E-423B-8849-539806C35FCC}.Debug|Win32.ActiveCfg = Debug|Any CPU
		{E9E753F1-269E-423B-8849-539806C35FCC}.MinSizeRel|Any CPU.ActiveCfg = Release|Any CPU
		{E9E753F1-269E-423B-8849-539806C35FCC}.MinSizeRel|Any CPU.Build.0 = Release|Any CPU
		{E9E753F1-269E-423B-8849-539806C35FCC}.MinSizeRel|Mixed Platforms.ActiveCfg = Release|Any CPU
		{E9E753F1-269E-423B-8849-539806C35FCC}.MinSizeRel|Mixed Platforms.Build.0 = Release|Any CPU
		{E9E753F1-269E-423B-8849-539806C35FCC}.MinSizeRel|Win32.ActiveCfg = Release|Any CPU
		{E9E753F1-269E-423B-8849-539806C35FCC}.Release|Any CPU.ActiveCfg = Release|Any CPU
		{E9E753F1-269E-423B-8849-539806C35FCC}.Release|Any CPU.Build.0 = Release|Any CPU
		{E9E753F1-269E-423B-8849-539806C35FCC}.Release|Mixed Platforms.ActiveCfg = Release|Any CPU
		{E9E753F1-269E-423B-8849-539806C35FCC}.Release|Mixed Platforms.Build.0 = Release|Any CPU
		{E9E753F1-269E-423B-8849-539806C35FCC}.Release|Win32.ActiveCfg = Release|Any CPU
		{E9E753F1-269E-423B-8849-539806C35FCC}.RelWithDebInfo|Any CPU.ActiveCfg = Release|Any CPU
		{E9E753F1-269E-423B-8849-539806C35FCC}.RelWithDebInfo|Any CPU.Build.0 = Release|Any CPU
		{E9E753F1-269E-423B-8849-539806C35FCC}.RelWithDebInfo|Mixed Platforms.ActiveCfg = Release|Any CPU
		{E9E753F1-269E-423B-8849-539806C35FCC}.RelWithDebInfo|Mixed Platforms.Build.0 = Release|Any CPU
		{E9E753F1-269E-423B-8849-539806C35FCC}.RelWithDebInfo|Win32.ActiveCfg = Release|Any CPU
		{6AFE5A92-BB0C-4239-8A73-161E79CB8322}.Debug|Any CPU.ActiveCfg = Debug|Any CPU
		{6AFE5A92-BB0C-4239-8A73-161E79CB8322}.Debug|Any CPU.Build.0 = Debug|Any CPU
		{6AFE5A92-BB0C-4239-8A73-161E79CB8322}.Debug|Mixed Platforms.ActiveCfg = Debug|Any CPU
		{6AFE5A92-BB0C-4239-8A73-161E79CB8322}.Debug|Mixed Platforms.Build.0 = Debug|Any CPU
		{6AFE5A92-BB0C-4239-8A73-161E79CB8322}.Debug|Win32.ActiveCfg = Debug|Any CPU
		{6AFE5A92-BB0C-4239-8A73-161E79CB8322}.MinSizeRel|Any CPU.ActiveCfg = Release|Any CPU
		{6AFE5A92-BB0C-4239-8A73-161E79CB8322}.MinSizeRel|Any CPU.Build.0 = Release|Any CPU
		{6AFE5A92-BB0C-4239-8A73-161E79CB8322}.MinSizeRel|Mixed Platforms.ActiveCfg = Release|Any CPU
		{6AFE5A92-BB0C-4239-8A73-161E79CB8322}.MinSizeRel|Mixed Platforms.Build.0 = Release|Any CPU
		{6AFE5A92-BB0C-4239-8A73-161E79CB8322}.MinSizeRel|Win32.ActiveCfg = Release|Any CPU
		{6AFE5A92-BB0C-4239-8A73-161E79CB8322}.Release|Any CPU.ActiveCfg = Release|Any CPU
		{6AFE5A92-BB0C-4239-8A73-161E79CB8322}.Release|Any CPU.Build.0 = Release|Any CPU
		{6AFE5A92-BB0C-4239-8A73-161E79CB8322}.Release|Mixed Platforms.ActiveCfg = Release|Any CPU
		{6AFE5A92-BB0C-4239-8A73-161E79CB8322}.Release|Mixed Platforms.Build.0 = Release|Any CPU
		{6AFE5A92-BB0C-4239-8A73-161E79CB8322}.Release|Win32.ActiveCfg = Release|Any CPU
		{6AFE5A92-BB0C-4239-8A73-161E79CB8322}.RelWithDebInfo|Any CPU.ActiveCfg = Release|Any CPU
		{6AFE5A92-BB0C-4239-8A73-161E79CB8322}.RelWithDebInfo|Any CPU.Build.0 = Release|Any CPU
		{6AFE5A92-BB0C-4239-8A73-161E79CB8322}.RelWithDebInfo|Mixed Platforms.ActiveCfg = Release|Any CPU
		{6AFE5A92-BB0C-4239-8A73-161E79CB8322}.RelWithDebInfo|Mixed Platforms.Build.0 = Release|Any CPU
		{6AFE5A92-BB0C-4239-8A73-161E79CB8322}.RelWithDebInfo|Win32.ActiveCfg = Release|Any CPU
		{0B71D997-9452-4D68-B3DC-E50D01115DE3}.Debug|Any CPU.ActiveCfg = Debug|Any CPU
		{0B71D997-9452-4D68-B3DC-E50D01115DE3}.Debug|Any CPU.Build.0 = Debug|Any CPU
		{0B71D997-9452-4D68-B3DC-E50D01115DE3}.Debug|Mixed Platforms.ActiveCfg = Debug|Any CPU
		{0B71D997-9452-4D68-B3DC-E50D01115DE3}.Debug|Mixed Platforms.Build.0 = Debug|Any CPU
		{0B71D997-9452-4D68-B3DC-E50D01115DE3}.Debug|Win32.ActiveCfg = Debug|Any CPU
		{0B71D997-9452-4D68-B3DC-E50D01115DE3}.Debug|Win32.Build.0 = Debug|Any CPU
		{0B71D997-9452-4D68-B3DC-E50D01115DE3}.MinSizeRel|Any CPU.ActiveCfg = Release|Any CPU
		{0B71D997-9452-4D68-B3DC-E50D01115DE3}.MinSizeRel|Any CPU.Build.0 = Release|Any CPU
		{0B71D997-9452-4D68-B3DC-E50D01115DE3}.MinSizeRel|Mixed Platforms.ActiveCfg = Release|Any CPU
		{0B71D997-9452-4D68-B3DC-E50D01115DE3}.MinSizeRel|Mixed Platforms.Build.0 = Release|Any CPU
		{0B71D997-9452-4D68-B3DC-E50D01115DE3}.MinSizeRel|Win32.ActiveCfg = Release|Any CPU
		{0B71D997-9452-4D68-B3DC-E50D01115DE3}.MinSizeRel|Win32.Build.0 = Release|Any CPU
		{0B71D997-9452-4D68-B3DC-E50D01115DE3}.Release|Any CPU.ActiveCfg = Release|Any CPU
		{0B71D997-9452-4D68-B3DC-E50D01115DE3}.Release|Any CPU.Build.0 = Release|Any CPU
		{0B71D997-9452-4D68-B3DC-E50D01115DE3}.Release|Mixed Platforms.ActiveCfg = Release|Any CPU
		{0B71D997-9452-4D68-B3DC-E50D01115DE3}.Release|Mixed Platforms.Build.0 = Release|Any CPU
		{0B71D997-9452-4D68-B3DC-E50D01115DE3}.Release|Win32.ActiveCfg = Release|Any CPU
		{0B71D997-9452-4D68-B3DC-E50D01115DE3}.Release|Win32.Build.0 = Release|Any CPU
		{0B71D997-9452-4D68-B3DC-E50D01115DE3}.RelWithDebInfo|Any CPU.ActiveCfg = Release|Any CPU
		{0B71D997-9452-4D68-B3DC-E50D01115DE3}.RelWithDebInfo|Any CPU.Build.0 = Release|Any CPU
		{0B71D997-9452-4D68-B3DC-E50D01115DE3}.RelWithDebInfo|Mixed Platforms.ActiveCfg = Release|Any CPU
		{0B71D997-9452-4D68-B3DC-E50D01115DE3}.RelWithDebInfo|Mixed Platforms.Build.0 = Release|Any CPU
		{0B71D997-9452-4D68-B3DC-E50D01115DE3}.RelWithDebInfo|Win32.ActiveCfg = Release|Any CPU
		{0B71D997-9452-4D68-B3DC-E50D01115DE3}.RelWithDebInfo|Win32.Build.0 = Release|Any CPU
		{30EC6E1B-63A1-4985-B9B2-071203940BD6}.Debug|Any CPU.ActiveCfg = Debug|Any CPU
		{30EC6E1B-63A1-4985-B9B2-071203940BD6}.Debug|Any CPU.Build.0 = Debug|Any CPU
		{30EC6E1B-63A1-4985-B9B2-071203940BD6}.Debug|Mixed Platforms.ActiveCfg = Debug|Any CPU
		{30EC6E1B-63A1-4985-B9B2-071203940BD6}.Debug|Mixed Platforms.Build.0 = Debug|Any CPU
		{30EC6E1B-63A1-4985-B9B2-071203940BD6}.Debug|Win32.ActiveCfg = Debug|Any CPU
		{30EC6E1B-63A1-4985-B9B2-071203940BD6}.Debug|Win32.Build.0 = Debug|Any CPU
		{30EC6E1B-63A1-4985-B9B2-071203940BD6}.MinSizeRel|Any CPU.ActiveCfg = Release|Any CPU
		{30EC6E1B-63A1-4985-B9B2-071203940BD6}.MinSizeRel|Any CPU.Build.0 = Release|Any CPU
		{30EC6E1B-63A1-4985-B9B2-071203940BD6}.MinSizeRel|Mixed Platforms.ActiveCfg = Release|Any CPU
		{30EC6E1B-63A1-4985-B9B2-071203940BD6}.MinSizeRel|Mixed Platforms.Build.0 = Release|Any CPU
		{30EC6E1B-63A1-4985-B9B2-071203940BD6}.MinSizeRel|Win32.ActiveCfg = Release|Any CPU
		{30EC6E1B-63A1-4985-B9B2-071203940BD6}.MinSizeRel|Win32.Build.0 = Release|Any CPU
		{30EC6E1B-63A1-4985-B9B2-071203940BD6}.Release|Any CPU.ActiveCfg = Release|Any CPU
		{30EC6E1B-63A1-4985-B9B2-071203940BD6}.Release|Any CPU.Build.0 = Release|Any CPU
		{30EC6E1B-63A1-4985-B9B2-071203940BD6}.Release|Mixed Platforms.ActiveCfg = Release|Any CPU
		{30EC6E1B-63A1-4985-B9B2-071203940BD6}.Release|Mixed Platforms.Build.0 = Release|Any CPU
		{30EC6E1B-63A1-4985-B9B2-071203940BD6}.Release|Win32.ActiveCfg = Release|Any CPU
		{30EC6E1B-63A1-4985-B9B2-071203940BD6}.Release|Win32.Build.0 = Release|Any CPU
		{30EC6E1B-63A1-4985-B9B2-071203940BD6}.RelWithDebInfo|Any CPU.ActiveCfg = Release|Any CPU
		{30EC6E1B-63A1-4985-B9B2-071203940BD6}.RelWithDebInfo|Any CPU.Build.0 = Release|Any CPU
		{30EC6E1B-63A1-4985-B9B2-071203940BD6}.RelWithDebInfo|Mixed Platforms.ActiveCfg = Release|Any CPU
		{30EC6E1B-63A1-4985-B9B2-071203940BD6}.RelWithDebInfo|Mixed Platforms.Build.0 = Release|Any CPU
		{30EC6E1B-63A1-4985-B9B2-071203940BD6}.RelWithDebInfo|Win32.ActiveCfg = Release|Any CPU
		{30EC6E1B-63A1-4985-B9B2-071203940BD6}.RelWithDebInfo|Win32.Build.0 = Release|Any CPU
		{7281D9AD-8878-4B41-AF55-E4F42211D07F}.Debug|Any CPU.ActiveCfg = Debug|Any CPU
		{7281D9AD-8878-4B41-AF55-E4F42211D07F}.Debug|Any CPU.Build.0 = Debug|Any CPU
		{7281D9AD-8878-4B41-AF55-E4F42211D07F}.Debug|Mixed Platforms.ActiveCfg = Debug|Any CPU
		{7281D9AD-8878-4B41-AF55-E4F42211D07F}.Debug|Mixed Platforms.Build.0 = Debug|Any CPU
		{7281D9AD-8878-4B41-AF55-E4F42211D07F}.Debug|Win32.ActiveCfg = Debug|Any CPU
		{7281D9AD-8878-4B41-AF55-E4F42211D07F}.Debug|Win32.Build.0 = Debug|Any CPU
		{7281D9AD-8878-4B41-AF55-E4F42211D07F}.MinSizeRel|Any CPU.ActiveCfg = Release|Any CPU
		{7281D9AD-8878-4B41-AF55-E4F42211D07F}.MinSizeRel|Any CPU.Build.0 = Release|Any CPU
		{7281D9AD-8878-4B41-AF55-E4F42211D07F}.MinSizeRel|Mixed Platforms.ActiveCfg = Release|Any CPU
		{7281D9AD-8878-4B41-AF55-E4F42211D07F}.MinSizeRel|Mixed Platforms.Build.0 = Release|Any CPU
		{7281D9AD-8878-4B41-AF55-E4F42211D07F}.MinSizeRel|Win32.ActiveCfg = Release|Any CPU
		{7281D9AD-8878-4B41-AF55-E4F42211D07F}.MinSizeRel|Win32.Build.0 = Release|Any CPU
		{7281D9AD-8878-4B41-AF55-E4F42211D07F}.Release|Any CPU.ActiveCfg = Release|Any CPU
		{7281D9AD-8878-4B41-AF55-E4F42211D07F}.Release|Any CPU.Build.0 = Release|Any CPU
		{7281D9AD-8878-4B41-AF55-E4F42211D07F}.Release|Mixed Platforms.ActiveCfg = Release|Any CPU
		{7281D9AD-8878-4B41-AF55-E4F42211D07F}.Release|Mixed Platforms.Build.0 = Release|Any CPU
		{7281D9AD-8878-4B41-AF55-E4F42211D07F}.Release|Win32.ActiveCfg = Release|Any CPU
		{7281D9AD-8878-4B41-AF55-E4F42211D07F}.Release|Win32.Build.0 = Release|Any CPU
		{7281D9AD-8878-4B41-AF55-E4F42211D07F}.RelWithDebInfo|Any CPU.ActiveCfg = Release|Any CPU
		{7281D9AD-8878-4B41-AF55-E4F42211D07F}.RelWithDebInfo|Any CPU.Build.0 = Release|Any CPU
		{7281D9AD-8878-4B41-AF55-E4F42211D07F}.RelWithDebInfo|Mixed Platforms.ActiveCfg = Release|Any CPU
		{7281D9AD-8878-4B41-AF55-E4F42211D07F}.RelWithDebInfo|Mixed Platforms.Build.0 = Release|Any CPU
		{7281D9AD-8878-4B41-AF55-E4F42211D07F}.RelWithDebInfo|Win32.ActiveCfg = Release|Any CPU
		{7281D9AD-8878-4B41-AF55-E4F42211D07F}.RelWithDebInfo|Win32.Build.0 = Release|Any CPU
	EndGlobalSection
	GlobalSection(SolutionProperties) = preSolution
		HideSolutionNode = FALSE
	EndGlobalSection
	GlobalSection(ExtensibilityGlobals) = postSolution
		SolutionGuid = {CAECC5FF-CEB9-4CA1-917B-B67638521C86}
	EndGlobalSection
EndGlobal
